// !$*UTF8*$!
{
	archiveVersion = 1;
	classes = {
	};
	objectVersion = 48;
	objects = {

/* Begin PBXBuildFile section */
		761371E41FD19962007AAFF8 /* CustomData.swift in Sources */ = {isa = PBXBuildFile; fileRef = 761371E31FD19962007AAFF8 /* CustomData.swift */; };
		761371E81FD19A28007AAFF8 /* RawSingleValueEvent.swift in Sources */ = {isa = PBXBuildFile; fileRef = 761371E71FD19A28007AAFF8 /* RawSingleValueEvent.swift */; };
		761371EA1FD19A49007AAFF8 /* TracksUpdated.swift in Sources */ = {isa = PBXBuildFile; fileRef = 761371E91FD19A49007AAFF8 /* TracksUpdated.swift */; };
		761371EC1FD19A5A007AAFF8 /* Track.swift in Sources */ = {isa = PBXBuildFile; fileRef = 761371EB1FD19A5A007AAFF8 /* Track.swift */; };
		761371EE1FD19A6A007AAFF8 /* VolumeChanged.swift in Sources */ = {isa = PBXBuildFile; fileRef = 761371ED1FD19A6A007AAFF8 /* VolumeChanged.swift */; };
		761371F01FD19A78007AAFF8 /* ProgramChanged.swift in Sources */ = {isa = PBXBuildFile; fileRef = 761371EF1FD19A78007AAFF8 /* ProgramChanged.swift */; };
		761371F21FD19A87007AAFF8 /* CastError.swift in Sources */ = {isa = PBXBuildFile; fileRef = 761371F11FD19A87007AAFF8 /* CastError.swift */; };
		761371F41FD19B2F007AAFF8 /* MessageType.swift in Sources */ = {isa = PBXBuildFile; fileRef = 761371F31FD19B2F007AAFF8 /* MessageType.swift */; };
		762808E61FD01426005610DF /* Cast.framework in Frameworks */ = {isa = PBXBuildFile; fileRef = 762808DC1FD01426005610DF /* Cast.framework */; };
		762808EB1FD01426005610DF /* CastTests.swift in Sources */ = {isa = PBXBuildFile; fileRef = 762808EA1FD01426005610DF /* CastTests.swift */; };
		762808ED1FD01426005610DF /* Cast.h in Headers */ = {isa = PBXBuildFile; fileRef = 762808DF1FD01426005610DF /* Cast.h */; settings = {ATTRIBUTES = (Public, ); }; };
		762808FC1FD01491005610DF /* .env in Resources */ = {isa = PBXBuildFile; fileRef = 762808F71FD01491005610DF /* .env */; };
		762808FD1FD01491005610DF /* update_dependency_graph.rb in Resources */ = {isa = PBXBuildFile; fileRef = 762808F91FD01491005610DF /* update_dependency_graph.rb */; };
		762808FE1FD01491005610DF /* Appfile in Resources */ = {isa = PBXBuildFile; fileRef = 762808FA1FD01491005610DF /* Appfile */; };
		762808FF1FD01491005610DF /* Fastfile in Resources */ = {isa = PBXBuildFile; fileRef = 762808FB1FD01491005610DF /* Fastfile */; };
		762809031FD014ED005610DF /* UPGRADE_GUIDE.md in Resources */ = {isa = PBXBuildFile; fileRef = 762809001FD014ED005610DF /* UPGRADE_GUIDE.md */; };
		762809041FD014ED005610DF /* LICENSE in Resources */ = {isa = PBXBuildFile; fileRef = 762809011FD014ED005610DF /* LICENSE */; };
		762809051FD014ED005610DF /* README.md in Resources */ = {isa = PBXBuildFile; fileRef = 762809021FD014ED005610DF /* README.md */; };
		762809091FD014F8005610DF /* Cartfile.resolved in Resources */ = {isa = PBXBuildFile; fileRef = 762809061FD014F7005610DF /* Cartfile.resolved */; };
		7628090A1FD014F8005610DF /* Cartfile.private in Resources */ = {isa = PBXBuildFile; fileRef = 762809071FD014F7005610DF /* Cartfile.private */; };
		7628090B1FD014F8005610DF /* Cartfile in Resources */ = {isa = PBXBuildFile; fileRef = 762809081FD014F7005610DF /* Cartfile */; };
		7628090E1FD0161D005610DF /* Nimble.framework in Frameworks */ = {isa = PBXBuildFile; fileRef = 762809111FD0161D005610DF /* Nimble.framework */; };
		7628090F1FD0161D005610DF /* Quick.framework in Frameworks */ = {isa = PBXBuildFile; fileRef = 762809121FD0161D005610DF /* Quick.framework */; };
		762809141FD01797005610DF /* CHANGELOG.md in Resources */ = {isa = PBXBuildFile; fileRef = 762809131FD01797005610DF /* CHANGELOG.md */; };
		7628091C1FD01D77005610DF /* Channel.swift in Sources */ = {isa = PBXBuildFile; fileRef = 7628091B1FD01D77005610DF /* Channel.swift */; };
		76A233C220567F9E00F8A234 /* ProgramUpdated.swift in Sources */ = {isa = PBXBuildFile; fileRef = 76A233C120567F9E00F8A234 /* ProgramUpdated.swift */; };
		76A233C42056813600F8A234 /* EntitlementChange.swift in Sources */ = {isa = PBXBuildFile; fileRef = 76A233C32056813600F8A234 /* EntitlementChange.swift */; };
		76DBCE731FD80685009C83AE /* ProgramChangedSpec.swift in Sources */ = {isa = PBXBuildFile; fileRef = 76DBCE721FD80685009C83AE /* ProgramChangedSpec.swift */; };
		76DBCE751FD81426009C83AE /* Dictionary+Extensions.swift in Sources */ = {isa = PBXBuildFile; fileRef = 76DBCE741FD81426009C83AE /* Dictionary+Extensions.swift */; };
		76DBCE771FD81442009C83AE /* RawSingleValueEventSpec.swift in Sources */ = {isa = PBXBuildFile; fileRef = 76DBCE761FD81442009C83AE /* RawSingleValueEventSpec.swift */; };
		76DBCE791FD8173E009C83AE /* MessageTypeSpec.swift in Sources */ = {isa = PBXBuildFile; fileRef = 76DBCE781FD8173E009C83AE /* MessageTypeSpec.swift */; };
		76DBCE7B1FD81B0A009C83AE /* CastErrorSpec.swift in Sources */ = {isa = PBXBuildFile; fileRef = 76DBCE7A1FD81B0A009C83AE /* CastErrorSpec.swift */; };
		76DBCE7D1FD81C1A009C83AE /* VolumeChangedSpec.swift in Sources */ = {isa = PBXBuildFile; fileRef = 76DBCE7C1FD81C1A009C83AE /* VolumeChangedSpec.swift */; };
		76DBCE811FD81CEB009C83AE /* TracksUpdatedSpec.swift in Sources */ = {isa = PBXBuildFile; fileRef = 76DBCE801FD81CEB009C83AE /* TracksUpdatedSpec.swift */; };
		76DBCE851FD8229C009C83AE /* CustomDataSpec.swift in Sources */ = {isa = PBXBuildFile; fileRef = 76DBCE841FD8229C009C83AE /* CustomDataSpec.swift */; };
		76DBCE871FD826F5009C83AE /* ChannelSpec.swift in Sources */ = {isa = PBXBuildFile; fileRef = 76DBCE861FD826F5009C83AE /* ChannelSpec.swift */; };
		76DBCE891FD834AF009C83AE /* ChannelSenderSpec.swift in Sources */ = {isa = PBXBuildFile; fileRef = 76DBCE881FD834AF009C83AE /* ChannelSenderSpec.swift */; };
		76FF7666205924F400A82C47 /* chromecast-integration.md in Resources */ = {isa = PBXBuildFile; fileRef = 76FF7665205924F400A82C47 /* chromecast-integration.md */; };
		781CAEB42729755300934A27 /* utf_LICENSE.html in Resources */ = {isa = PBXBuildFile; fileRef = 781CAE8D2729755300934A27 /* utf_LICENSE.html */; };
		781CAEB52729755300934A27 /* tcmalloc_LICENSE.html in Resources */ = {isa = PBXBuildFile; fileRef = 781CAE8E2729755300934A27 /* tcmalloc_LICENSE.html */; };
		781CAEB62729755300934A27 /* tink_LICENSE.html in Resources */ = {isa = PBXBuildFile; fileRef = 781CAE8F2729755300934A27 /* tink_LICENSE.html */; };
		781CAEB72729755300934A27 /* libresample_LICENSE.html in Resources */ = {isa = PBXBuildFile; fileRef = 781CAE902729755300934A27 /* libresample_LICENSE.html */; };
		781CAEB82729755300934A27 /* brotli_LICENSE.html in Resources */ = {isa = PBXBuildFile; fileRef = 781CAE912729755300934A27 /* brotli_LICENSE.html */; };
		781CAEB92729755300934A27 /* chromium_certificate_verifier_LICENSE.html in Resources */ = {isa = PBXBuildFile; fileRef = 781CAE922729755300934A27 /* chromium_certificate_verifier_LICENSE.html */; };
		781CAEBA2729755300934A27 /* libxml_LICENSE.html in Resources */ = {isa = PBXBuildFile; fileRef = 781CAE932729755300934A27 /* libxml_LICENSE.html */; };
		781CAEBB2729755300934A27 /* tz_LICENSE.html in Resources */ = {isa = PBXBuildFile; fileRef = 781CAE942729755300934A27 /* tz_LICENSE.html */; };
		781CAEBC2729755300934A27 /* appliance_linux_packages_openssl_LICENSE.html in Resources */ = {isa = PBXBuildFile; fileRef = 781CAE952729755300934A27 /* appliance_linux_packages_openssl_LICENSE.html */; };
		781CAEBD2729755300934A27 /* darts_clone_LICENSE.html in Resources */ = {isa = PBXBuildFile; fileRef = 781CAE962729755300934A27 /* darts_clone_LICENSE.html */; };
		781CAEBE2729755300934A27 /* kissfft_LICENSE.html in Resources */ = {isa = PBXBuildFile; fileRef = 781CAE972729755300934A27 /* kissfft_LICENSE.html */; };
		781CAEBF2729755300934A27 /* opencensus_LICENSE.html in Resources */ = {isa = PBXBuildFile; fileRef = 781CAE982729755300934A27 /* opencensus_LICENSE.html */; };
		781CAEC02729755300934A27 /* eigen3_LICENSE.html in Resources */ = {isa = PBXBuildFile; fileRef = 781CAE992729755300934A27 /* eigen3_LICENSE.html */; };
		781CAEC12729755300934A27 /* riegeli_LICENSE.html in Resources */ = {isa = PBXBuildFile; fileRef = 781CAE9A2729755300934A27 /* riegeli_LICENSE.html */; };
		781CAEC22729755300934A27 /* audio_to_tactile_LICENSE.html in Resources */ = {isa = PBXBuildFile; fileRef = 781CAE9B2729755300934A27 /* audio_to_tactile_LICENSE.html */; };
		781CAEC32729755300934A27 /* ares_LICENSE.html in Resources */ = {isa = PBXBuildFile; fileRef = 781CAE9C2729755300934A27 /* ares_LICENSE.html */; };
		781CAEC42729755300934A27 /* zstdlib_LICENSE.html in Resources */ = {isa = PBXBuildFile; fileRef = 781CAE9D2729755300934A27 /* zstdlib_LICENSE.html */; };
		781CAEC52729755300934A27 /* objective_c_ChromeWebView_LICENSE.html in Resources */ = {isa = PBXBuildFile; fileRef = 781CAE9E2729755300934A27 /* objective_c_ChromeWebView_LICENSE.html */; };
		781CAEC62729755300934A27 /* utf8_range_LICENSE.html in Resources */ = {isa = PBXBuildFile; fileRef = 781CAE9F2729755300934A27 /* utf8_range_LICENSE.html */; };
		781CAEC72729755300934A27 /* icu_LICENSE.html in Resources */ = {isa = PBXBuildFile; fileRef = 781CAEA02729755300934A27 /* icu_LICENSE.html */; };
		781CAEC82729755300934A27 /* zlib_LICENSE.html in Resources */ = {isa = PBXBuildFile; fileRef = 781CAEA12729755300934A27 /* zlib_LICENSE.html */; };
		781CAEC92729755300934A27 /* address_sorting_LICENSE.html in Resources */ = {isa = PBXBuildFile; fileRef = 781CAEA22729755300934A27 /* address_sorting_LICENSE.html */; };
		781CAECA2729755300934A27 /* xxhash_LICENSE.html in Resources */ = {isa = PBXBuildFile; fileRef = 781CAEA32729755300934A27 /* xxhash_LICENSE.html */; };
		781CAECB2729755300934A27 /* grpc_LICENSE.html in Resources */ = {isa = PBXBuildFile; fileRef = 781CAEA42729755300934A27 /* grpc_LICENSE.html */; };
		781CAECC2729755300934A27 /* grpc_proto_LICENSE.html in Resources */ = {isa = PBXBuildFile; fileRef = 781CAEA52729755300934A27 /* grpc_proto_LICENSE.html */; };
		781CAECD2729755300934A27 /* re2_LICENSE.html in Resources */ = {isa = PBXBuildFile; fileRef = 781CAEA62729755300934A27 /* re2_LICENSE.html */; };
		781CAECE2729755300934A27 /* oss_licenses_index.txt in Resources */ = {isa = PBXBuildFile; fileRef = 781CAEA72729755300934A27 /* oss_licenses_index.txt */; };
		781CAECF2729755300934A27 /* protobuf_LICENSE.html in Resources */ = {isa = PBXBuildFile; fileRef = 781CAEA82729755300934A27 /* protobuf_LICENSE.html */; };
		781CAED02729755300934A27 /* upb_LICENSE.html in Resources */ = {isa = PBXBuildFile; fileRef = 781CAEA92729755300934A27 /* upb_LICENSE.html */; };
		781CAED12729755300934A27 /* objective_c_gtm_session_fetcher_LICENSE.html in Resources */ = {isa = PBXBuildFile; fileRef = 781CAEAA2729755300934A27 /* objective_c_gtm_session_fetcher_LICENSE.html */; };
		781CAED22729755300934A27 /* zippy_LICENSE.html in Resources */ = {isa = PBXBuildFile; fileRef = 781CAEAB2729755300934A27 /* zippy_LICENSE.html */; };
		781CAED32729755300934A27 /* crunchy_LICENSE.html in Resources */ = {isa = PBXBuildFile; fileRef = 781CAEAC2729755300934A27 /* crunchy_LICENSE.html */; };
		781CAED42729755300934A27 /* objective_c_Cronet_LICENSE.html in Resources */ = {isa = PBXBuildFile; fileRef = 781CAEAD2729755300934A27 /* objective_c_Cronet_LICENSE.html */; };
		781CAED52729755300934A27 /* objective_c_google_toolbox_for_mac_LICENSE.html in Resources */ = {isa = PBXBuildFile; fileRef = 781CAEAE2729755300934A27 /* objective_c_google_toolbox_for_mac_LICENSE.html */; };
		781CAED62729755300934A27 /* absl_LICENSE.html in Resources */ = {isa = PBXBuildFile; fileRef = 781CAEAF2729755300934A27 /* absl_LICENSE.html */; };
		781CAED72729755300934A27 /* GoogleCast.framework in Frameworks */ = {isa = PBXBuildFile; fileRef = 781CAEB02729755300934A27 /* GoogleCast.framework */; };
		781CAED82729755300934A27 /* NutritionLabel.txt in Resources */ = {isa = PBXBuildFile; fileRef = 781CAEB22729755300934A27 /* NutritionLabel.txt */; };
		781CAED9272975D900934A27 /* GoogleCast.framework in Frameworks */ = {isa = PBXBuildFile; fileRef = 781CAEB02729755300934A27 /* GoogleCast.framework */; };
		78C24D432513831C001ED9E3 /* Accelerate.framework in Frameworks */ = {isa = PBXBuildFile; fileRef = 78C24D422513831C001ED9E3 /* Accelerate.framework */; };
		78C24D4525138322001ED9E3 /* AudioToolbox.framework in Frameworks */ = {isa = PBXBuildFile; fileRef = 78C24D4425138322001ED9E3 /* AudioToolbox.framework */; };
		78C24D4725138328001ED9E3 /* AVFoundation.framework in Frameworks */ = {isa = PBXBuildFile; fileRef = 78C24D4625138328001ED9E3 /* AVFoundation.framework */; };
		78C24D492513832E001ED9E3 /* CFNetwork.framework in Frameworks */ = {isa = PBXBuildFile; fileRef = 78C24D482513832E001ED9E3 /* CFNetwork.framework */; };
		78C24D4B25138334001ED9E3 /* CoreBluetooth.framework in Frameworks */ = {isa = PBXBuildFile; fileRef = 78C24D4A25138334001ED9E3 /* CoreBluetooth.framework */; };
		78C24D4D2513833A001ED9E3 /* CoreData.framework in Frameworks */ = {isa = PBXBuildFile; fileRef = 78C24D4C2513833A001ED9E3 /* CoreData.framework */; };
		78C24D4F25138340001ED9E3 /* CoreGraphics.framework in Frameworks */ = {isa = PBXBuildFile; fileRef = 78C24D4E25138340001ED9E3 /* CoreGraphics.framework */; };
		78C24D5125138347001ED9E3 /* CoreMedia.framework in Frameworks */ = {isa = PBXBuildFile; fileRef = 78C24D5025138347001ED9E3 /* CoreMedia.framework */; };
		78C24D532513834D001ED9E3 /* CoreText.framework in Frameworks */ = {isa = PBXBuildFile; fileRef = 78C24D522513834D001ED9E3 /* CoreText.framework */; };
		78C24D5525138353001ED9E3 /* Foundation.framework in Frameworks */ = {isa = PBXBuildFile; fileRef = 78C24D5425138353001ED9E3 /* Foundation.framework */; };
		78C24D572513835E001ED9E3 /* MediaAccessibility.framework in Frameworks */ = {isa = PBXBuildFile; fileRef = 78C24D562513835E001ED9E3 /* MediaAccessibility.framework */; };
		78C24D5925138364001ED9E3 /* MediaPlayer.framework in Frameworks */ = {isa = PBXBuildFile; fileRef = 78C24D5825138364001ED9E3 /* MediaPlayer.framework */; };
		78C24D5B25138369001ED9E3 /* QuartzCore.framework in Frameworks */ = {isa = PBXBuildFile; fileRef = 78C24D5A25138369001ED9E3 /* QuartzCore.framework */; };
		78C24D5D2513836E001ED9E3 /* Security.framework in Frameworks */ = {isa = PBXBuildFile; fileRef = 78C24D5C2513836E001ED9E3 /* Security.framework */; };
		78C24D5F25138373001ED9E3 /* SystemConfiguration.framework in Frameworks */ = {isa = PBXBuildFile; fileRef = 78C24D5E25138373001ED9E3 /* SystemConfiguration.framework */; };
		78C24D6125138379001ED9E3 /* UIKit.framework in Frameworks */ = {isa = PBXBuildFile; fileRef = 78C24D6025138379001ED9E3 /* UIKit.framework */; };
		78D4DA9D25F7A3B900D811B2 /* CastAdsOptions.swift in Sources */ = {isa = PBXBuildFile; fileRef = 78D4DA9C25F7A3B900D811B2 /* CastAdsOptions.swift */; };
		78D4DABA25F8D58400D811B2 /* CastAdsOptionsSpec.swift in Sources */ = {isa = PBXBuildFile; fileRef = 78D4DAB925F8D58400D811B2 /* CastAdsOptionsSpec.swift */; };
/* End PBXBuildFile section */

/* Begin PBXContainerItemProxy section */
		762808E71FD01426005610DF /* PBXContainerItemProxy */ = {
			isa = PBXContainerItemProxy;
			containerPortal = 762808D31FD01426005610DF /* Project object */;
			proxyType = 1;
			remoteGlobalIDString = 762808DB1FD01426005610DF;
			remoteInfo = Cast;
		};
/* End PBXContainerItemProxy section */

/* Begin PBXCopyFilesBuildPhase section */
		76B5FCD71FDE996000607C41 /* CopyFiles */ = {
			isa = PBXCopyFilesBuildPhase;
			buildActionMask = 2147483647;
			dstPath = "";
			dstSubfolderSpec = 16;
			files = (
			);
			runOnlyForDeploymentPostprocessing = 0;
		};
/* End PBXCopyFilesBuildPhase section */

/* Begin PBXFileReference section */
		761371E31FD19962007AAFF8 /* CustomData.swift */ = {isa = PBXFileReference; lastKnownFileType = sourcecode.swift; path = CustomData.swift; sourceTree = "<group>"; };
		761371E71FD19A28007AAFF8 /* RawSingleValueEvent.swift */ = {isa = PBXFileReference; lastKnownFileType = sourcecode.swift; path = RawSingleValueEvent.swift; sourceTree = "<group>"; };
		761371E91FD19A49007AAFF8 /* TracksUpdated.swift */ = {isa = PBXFileReference; lastKnownFileType = sourcecode.swift; path = TracksUpdated.swift; sourceTree = "<group>"; };
		761371EB1FD19A5A007AAFF8 /* Track.swift */ = {isa = PBXFileReference; lastKnownFileType = sourcecode.swift; path = Track.swift; sourceTree = "<group>"; };
		761371ED1FD19A6A007AAFF8 /* VolumeChanged.swift */ = {isa = PBXFileReference; lastKnownFileType = sourcecode.swift; path = VolumeChanged.swift; sourceTree = "<group>"; };
		761371EF1FD19A78007AAFF8 /* ProgramChanged.swift */ = {isa = PBXFileReference; lastKnownFileType = sourcecode.swift; path = ProgramChanged.swift; sourceTree = "<group>"; };
		761371F11FD19A87007AAFF8 /* CastError.swift */ = {isa = PBXFileReference; lastKnownFileType = sourcecode.swift; path = CastError.swift; sourceTree = "<group>"; };
		761371F31FD19B2F007AAFF8 /* MessageType.swift */ = {isa = PBXFileReference; lastKnownFileType = sourcecode.swift; path = MessageType.swift; sourceTree = "<group>"; };
		762808DC1FD01426005610DF /* Cast.framework */ = {isa = PBXFileReference; explicitFileType = wrapper.framework; includeInIndex = 0; path = Cast.framework; sourceTree = BUILT_PRODUCTS_DIR; };
		762808DF1FD01426005610DF /* Cast.h */ = {isa = PBXFileReference; lastKnownFileType = sourcecode.c.h; path = Cast.h; sourceTree = "<group>"; };
		762808E01FD01426005610DF /* Info.plist */ = {isa = PBXFileReference; lastKnownFileType = text.plist.xml; path = Info.plist; sourceTree = "<group>"; };
		762808E51FD01426005610DF /* CastTests.xctest */ = {isa = PBXFileReference; explicitFileType = wrapper.cfbundle; includeInIndex = 0; path = CastTests.xctest; sourceTree = BUILT_PRODUCTS_DIR; };
		762808EA1FD01426005610DF /* CastTests.swift */ = {isa = PBXFileReference; lastKnownFileType = sourcecode.swift; path = CastTests.swift; sourceTree = "<group>"; };
		762808EC1FD01426005610DF /* Info.plist */ = {isa = PBXFileReference; lastKnownFileType = text.plist.xml; path = Info.plist; sourceTree = "<group>"; };
		762808F71FD01491005610DF /* .env */ = {isa = PBXFileReference; fileEncoding = 4; lastKnownFileType = text; path = .env; sourceTree = "<group>"; };
		762808F91FD01491005610DF /* update_dependency_graph.rb */ = {isa = PBXFileReference; fileEncoding = 4; lastKnownFileType = text.script.ruby; path = update_dependency_graph.rb; sourceTree = "<group>"; };
		762808FA1FD01491005610DF /* Appfile */ = {isa = PBXFileReference; fileEncoding = 4; lastKnownFileType = text; path = Appfile; sourceTree = "<group>"; };
		762808FB1FD01491005610DF /* Fastfile */ = {isa = PBXFileReference; fileEncoding = 4; lastKnownFileType = text; path = Fastfile; sourceTree = "<group>"; xcLanguageSpecificationIdentifier = xcode.lang.ruby; };
		762809001FD014ED005610DF /* UPGRADE_GUIDE.md */ = {isa = PBXFileReference; fileEncoding = 4; lastKnownFileType = net.daringfireball.markdown; path = UPGRADE_GUIDE.md; sourceTree = SOURCE_ROOT; };
		762809011FD014ED005610DF /* LICENSE */ = {isa = PBXFileReference; fileEncoding = 4; lastKnownFileType = text; path = LICENSE; sourceTree = SOURCE_ROOT; };
		762809021FD014ED005610DF /* README.md */ = {isa = PBXFileReference; fileEncoding = 4; lastKnownFileType = net.daringfireball.markdown; path = README.md; sourceTree = SOURCE_ROOT; };
		762809061FD014F7005610DF /* Cartfile.resolved */ = {isa = PBXFileReference; fileEncoding = 4; lastKnownFileType = text; path = Cartfile.resolved; sourceTree = SOURCE_ROOT; };
		762809071FD014F7005610DF /* Cartfile.private */ = {isa = PBXFileReference; fileEncoding = 4; lastKnownFileType = text; path = Cartfile.private; sourceTree = SOURCE_ROOT; };
		762809081FD014F7005610DF /* Cartfile */ = {isa = PBXFileReference; fileEncoding = 4; lastKnownFileType = text; path = Cartfile; sourceTree = SOURCE_ROOT; };
		762809111FD0161D005610DF /* Nimble.framework */ = {isa = PBXFileReference; explicitFileType = wrapper.framework; path = Nimble.framework; sourceTree = BUILT_PRODUCTS_DIR; };
		762809121FD0161D005610DF /* Quick.framework */ = {isa = PBXFileReference; explicitFileType = wrapper.framework; path = Quick.framework; sourceTree = BUILT_PRODUCTS_DIR; };
		762809131FD01797005610DF /* CHANGELOG.md */ = {isa = PBXFileReference; fileEncoding = 4; lastKnownFileType = net.daringfireball.markdown; path = CHANGELOG.md; sourceTree = SOURCE_ROOT; };
		7628091B1FD01D77005610DF /* Channel.swift */ = {isa = PBXFileReference; lastKnownFileType = sourcecode.swift; path = Channel.swift; sourceTree = "<group>"; };
		76A233C120567F9E00F8A234 /* ProgramUpdated.swift */ = {isa = PBXFileReference; lastKnownFileType = sourcecode.swift; path = ProgramUpdated.swift; sourceTree = "<group>"; };
		76A233C32056813600F8A234 /* EntitlementChange.swift */ = {isa = PBXFileReference; lastKnownFileType = sourcecode.swift; path = EntitlementChange.swift; sourceTree = "<group>"; };
		76DBCE721FD80685009C83AE /* ProgramChangedSpec.swift */ = {isa = PBXFileReference; lastKnownFileType = sourcecode.swift; path = ProgramChangedSpec.swift; sourceTree = "<group>"; };
		76DBCE741FD81426009C83AE /* Dictionary+Extensions.swift */ = {isa = PBXFileReference; lastKnownFileType = sourcecode.swift; path = "Dictionary+Extensions.swift"; sourceTree = "<group>"; };
		76DBCE761FD81442009C83AE /* RawSingleValueEventSpec.swift */ = {isa = PBXFileReference; lastKnownFileType = sourcecode.swift; path = RawSingleValueEventSpec.swift; sourceTree = "<group>"; };
		76DBCE781FD8173E009C83AE /* MessageTypeSpec.swift */ = {isa = PBXFileReference; lastKnownFileType = sourcecode.swift; path = MessageTypeSpec.swift; sourceTree = "<group>"; };
		76DBCE7A1FD81B0A009C83AE /* CastErrorSpec.swift */ = {isa = PBXFileReference; lastKnownFileType = sourcecode.swift; path = CastErrorSpec.swift; sourceTree = "<group>"; };
		76DBCE7C1FD81C1A009C83AE /* VolumeChangedSpec.swift */ = {isa = PBXFileReference; lastKnownFileType = sourcecode.swift; path = VolumeChangedSpec.swift; sourceTree = "<group>"; };
		76DBCE801FD81CEB009C83AE /* TracksUpdatedSpec.swift */ = {isa = PBXFileReference; lastKnownFileType = sourcecode.swift; path = TracksUpdatedSpec.swift; sourceTree = "<group>"; };
		76DBCE841FD8229C009C83AE /* CustomDataSpec.swift */ = {isa = PBXFileReference; lastKnownFileType = sourcecode.swift; path = CustomDataSpec.swift; sourceTree = "<group>"; };
		76DBCE861FD826F5009C83AE /* ChannelSpec.swift */ = {isa = PBXFileReference; lastKnownFileType = sourcecode.swift; path = ChannelSpec.swift; sourceTree = "<group>"; };
		76DBCE881FD834AF009C83AE /* ChannelSenderSpec.swift */ = {isa = PBXFileReference; lastKnownFileType = sourcecode.swift; path = ChannelSenderSpec.swift; sourceTree = "<group>"; };
		76FF7665205924F400A82C47 /* chromecast-integration.md */ = {isa = PBXFileReference; fileEncoding = 4; lastKnownFileType = net.daringfireball.markdown; path = "chromecast-integration.md"; sourceTree = "<group>"; };
		781CAE8D2729755300934A27 /* utf_LICENSE.html */ = {isa = PBXFileReference; fileEncoding = 4; lastKnownFileType = text.html; path = utf_LICENSE.html; sourceTree = "<group>"; };
		781CAE8E2729755300934A27 /* tcmalloc_LICENSE.html */ = {isa = PBXFileReference; fileEncoding = 4; lastKnownFileType = text.html; path = tcmalloc_LICENSE.html; sourceTree = "<group>"; };
		781CAE8F2729755300934A27 /* tink_LICENSE.html */ = {isa = PBXFileReference; fileEncoding = 4; lastKnownFileType = text.html; path = tink_LICENSE.html; sourceTree = "<group>"; };
		781CAE902729755300934A27 /* libresample_LICENSE.html */ = {isa = PBXFileReference; fileEncoding = 4; lastKnownFileType = text.html; path = libresample_LICENSE.html; sourceTree = "<group>"; };
		781CAE912729755300934A27 /* brotli_LICENSE.html */ = {isa = PBXFileReference; fileEncoding = 4; lastKnownFileType = text.html; path = brotli_LICENSE.html; sourceTree = "<group>"; };
		781CAE922729755300934A27 /* chromium_certificate_verifier_LICENSE.html */ = {isa = PBXFileReference; fileEncoding = 4; lastKnownFileType = text.html; path = chromium_certificate_verifier_LICENSE.html; sourceTree = "<group>"; };
		781CAE932729755300934A27 /* libxml_LICENSE.html */ = {isa = PBXFileReference; fileEncoding = 4; lastKnownFileType = text.html; path = libxml_LICENSE.html; sourceTree = "<group>"; };
		781CAE942729755300934A27 /* tz_LICENSE.html */ = {isa = PBXFileReference; fileEncoding = 4; lastKnownFileType = text.html; path = tz_LICENSE.html; sourceTree = "<group>"; };
		781CAE952729755300934A27 /* appliance_linux_packages_openssl_LICENSE.html */ = {isa = PBXFileReference; fileEncoding = 4; lastKnownFileType = text.html; path = appliance_linux_packages_openssl_LICENSE.html; sourceTree = "<group>"; };
		781CAE962729755300934A27 /* darts_clone_LICENSE.html */ = {isa = PBXFileReference; fileEncoding = 4; lastKnownFileType = text.html; path = darts_clone_LICENSE.html; sourceTree = "<group>"; };
		781CAE972729755300934A27 /* kissfft_LICENSE.html */ = {isa = PBXFileReference; fileEncoding = 4; lastKnownFileType = text.html; path = kissfft_LICENSE.html; sourceTree = "<group>"; };
		781CAE982729755300934A27 /* opencensus_LICENSE.html */ = {isa = PBXFileReference; fileEncoding = 4; lastKnownFileType = text.html; path = opencensus_LICENSE.html; sourceTree = "<group>"; };
		781CAE992729755300934A27 /* eigen3_LICENSE.html */ = {isa = PBXFileReference; fileEncoding = 4; lastKnownFileType = text.html; path = eigen3_LICENSE.html; sourceTree = "<group>"; };
		781CAE9A2729755300934A27 /* riegeli_LICENSE.html */ = {isa = PBXFileReference; fileEncoding = 4; lastKnownFileType = text.html; path = riegeli_LICENSE.html; sourceTree = "<group>"; };
		781CAE9B2729755300934A27 /* audio_to_tactile_LICENSE.html */ = {isa = PBXFileReference; fileEncoding = 4; lastKnownFileType = text.html; path = audio_to_tactile_LICENSE.html; sourceTree = "<group>"; };
		781CAE9C2729755300934A27 /* ares_LICENSE.html */ = {isa = PBXFileReference; fileEncoding = 4; lastKnownFileType = text.html; path = ares_LICENSE.html; sourceTree = "<group>"; };
		781CAE9D2729755300934A27 /* zstdlib_LICENSE.html */ = {isa = PBXFileReference; fileEncoding = 4; lastKnownFileType = text.html; path = zstdlib_LICENSE.html; sourceTree = "<group>"; };
		781CAE9E2729755300934A27 /* objective_c_ChromeWebView_LICENSE.html */ = {isa = PBXFileReference; fileEncoding = 4; lastKnownFileType = text.html; path = objective_c_ChromeWebView_LICENSE.html; sourceTree = "<group>"; };
		781CAE9F2729755300934A27 /* utf8_range_LICENSE.html */ = {isa = PBXFileReference; fileEncoding = 4; lastKnownFileType = text.html; path = utf8_range_LICENSE.html; sourceTree = "<group>"; };
		781CAEA02729755300934A27 /* icu_LICENSE.html */ = {isa = PBXFileReference; fileEncoding = 4; lastKnownFileType = text.html; path = icu_LICENSE.html; sourceTree = "<group>"; };
		781CAEA12729755300934A27 /* zlib_LICENSE.html */ = {isa = PBXFileReference; fileEncoding = 4; lastKnownFileType = text.html; path = zlib_LICENSE.html; sourceTree = "<group>"; };
		781CAEA22729755300934A27 /* address_sorting_LICENSE.html */ = {isa = PBXFileReference; fileEncoding = 4; lastKnownFileType = text.html; path = address_sorting_LICENSE.html; sourceTree = "<group>"; };
		781CAEA32729755300934A27 /* xxhash_LICENSE.html */ = {isa = PBXFileReference; fileEncoding = 4; lastKnownFileType = text.html; path = xxhash_LICENSE.html; sourceTree = "<group>"; };
		781CAEA42729755300934A27 /* grpc_LICENSE.html */ = {isa = PBXFileReference; fileEncoding = 4; lastKnownFileType = text.html; path = grpc_LICENSE.html; sourceTree = "<group>"; };
		781CAEA52729755300934A27 /* grpc_proto_LICENSE.html */ = {isa = PBXFileReference; fileEncoding = 4; lastKnownFileType = text.html; path = grpc_proto_LICENSE.html; sourceTree = "<group>"; };
		781CAEA62729755300934A27 /* re2_LICENSE.html */ = {isa = PBXFileReference; fileEncoding = 4; lastKnownFileType = text.html; path = re2_LICENSE.html; sourceTree = "<group>"; };
		781CAEA72729755300934A27 /* oss_licenses_index.txt */ = {isa = PBXFileReference; fileEncoding = 4; lastKnownFileType = text; path = oss_licenses_index.txt; sourceTree = "<group>"; };
		781CAEA82729755300934A27 /* protobuf_LICENSE.html */ = {isa = PBXFileReference; fileEncoding = 4; lastKnownFileType = text.html; path = protobuf_LICENSE.html; sourceTree = "<group>"; };
		781CAEA92729755300934A27 /* upb_LICENSE.html */ = {isa = PBXFileReference; fileEncoding = 4; lastKnownFileType = text.html; path = upb_LICENSE.html; sourceTree = "<group>"; };
		781CAEAA2729755300934A27 /* objective_c_gtm_session_fetcher_LICENSE.html */ = {isa = PBXFileReference; fileEncoding = 4; lastKnownFileType = text.html; path = objective_c_gtm_session_fetcher_LICENSE.html; sourceTree = "<group>"; };
		781CAEAB2729755300934A27 /* zippy_LICENSE.html */ = {isa = PBXFileReference; fileEncoding = 4; lastKnownFileType = text.html; path = zippy_LICENSE.html; sourceTree = "<group>"; };
		781CAEAC2729755300934A27 /* crunchy_LICENSE.html */ = {isa = PBXFileReference; fileEncoding = 4; lastKnownFileType = text.html; path = crunchy_LICENSE.html; sourceTree = "<group>"; };
		781CAEAD2729755300934A27 /* objective_c_Cronet_LICENSE.html */ = {isa = PBXFileReference; fileEncoding = 4; lastKnownFileType = text.html; path = objective_c_Cronet_LICENSE.html; sourceTree = "<group>"; };
		781CAEAE2729755300934A27 /* objective_c_google_toolbox_for_mac_LICENSE.html */ = {isa = PBXFileReference; fileEncoding = 4; lastKnownFileType = text.html; path = objective_c_google_toolbox_for_mac_LICENSE.html; sourceTree = "<group>"; };
		781CAEAF2729755300934A27 /* absl_LICENSE.html */ = {isa = PBXFileReference; fileEncoding = 4; lastKnownFileType = text.html; path = absl_LICENSE.html; sourceTree = "<group>"; };
		781CAEB02729755300934A27 /* GoogleCast.framework */ = {isa = PBXFileReference; lastKnownFileType = wrapper.framework; path = GoogleCast.framework; sourceTree = "<group>"; };
		781CAEB22729755300934A27 /* NutritionLabel.txt */ = {isa = PBXFileReference; fileEncoding = 4; lastKnownFileType = text; path = NutritionLabel.txt; sourceTree = "<group>"; };
		78C24D422513831C001ED9E3 /* Accelerate.framework */ = {isa = PBXFileReference; lastKnownFileType = wrapper.framework; name = Accelerate.framework; path = Platforms/MacOSX.platform/Developer/SDKs/MacOSX10.15.sdk/System/Library/Frameworks/Accelerate.framework; sourceTree = DEVELOPER_DIR; };
		78C24D4425138322001ED9E3 /* AudioToolbox.framework */ = {isa = PBXFileReference; lastKnownFileType = wrapper.framework; name = AudioToolbox.framework; path = Platforms/MacOSX.platform/Developer/SDKs/MacOSX10.15.sdk/System/Library/Frameworks/AudioToolbox.framework; sourceTree = DEVELOPER_DIR; };
		78C24D4625138328001ED9E3 /* AVFoundation.framework */ = {isa = PBXFileReference; lastKnownFileType = wrapper.framework; name = AVFoundation.framework; path = Platforms/MacOSX.platform/Developer/SDKs/MacOSX10.15.sdk/System/Library/Frameworks/AVFoundation.framework; sourceTree = DEVELOPER_DIR; };
		78C24D482513832E001ED9E3 /* CFNetwork.framework */ = {isa = PBXFileReference; lastKnownFileType = wrapper.framework; name = CFNetwork.framework; path = Platforms/MacOSX.platform/Developer/SDKs/MacOSX10.15.sdk/System/Library/Frameworks/CFNetwork.framework; sourceTree = DEVELOPER_DIR; };
		78C24D4A25138334001ED9E3 /* CoreBluetooth.framework */ = {isa = PBXFileReference; lastKnownFileType = wrapper.framework; name = CoreBluetooth.framework; path = Platforms/MacOSX.platform/Developer/SDKs/MacOSX10.15.sdk/System/Library/Frameworks/CoreBluetooth.framework; sourceTree = DEVELOPER_DIR; };
		78C24D4C2513833A001ED9E3 /* CoreData.framework */ = {isa = PBXFileReference; lastKnownFileType = wrapper.framework; name = CoreData.framework; path = Platforms/MacOSX.platform/Developer/SDKs/MacOSX10.15.sdk/System/Library/Frameworks/CoreData.framework; sourceTree = DEVELOPER_DIR; };
		78C24D4E25138340001ED9E3 /* CoreGraphics.framework */ = {isa = PBXFileReference; lastKnownFileType = wrapper.framework; name = CoreGraphics.framework; path = Platforms/MacOSX.platform/Developer/SDKs/MacOSX10.15.sdk/System/Library/Frameworks/CoreGraphics.framework; sourceTree = DEVELOPER_DIR; };
		78C24D5025138347001ED9E3 /* CoreMedia.framework */ = {isa = PBXFileReference; lastKnownFileType = wrapper.framework; name = CoreMedia.framework; path = Platforms/MacOSX.platform/Developer/SDKs/MacOSX10.15.sdk/System/Library/Frameworks/CoreMedia.framework; sourceTree = DEVELOPER_DIR; };
		78C24D522513834D001ED9E3 /* CoreText.framework */ = {isa = PBXFileReference; lastKnownFileType = wrapper.framework; name = CoreText.framework; path = Platforms/MacOSX.platform/Developer/SDKs/MacOSX10.15.sdk/System/Library/Frameworks/CoreText.framework; sourceTree = DEVELOPER_DIR; };
		78C24D5425138353001ED9E3 /* Foundation.framework */ = {isa = PBXFileReference; lastKnownFileType = wrapper.framework; name = Foundation.framework; path = Platforms/MacOSX.platform/Developer/SDKs/MacOSX10.15.sdk/System/Library/Frameworks/Foundation.framework; sourceTree = DEVELOPER_DIR; };
		78C24D562513835E001ED9E3 /* MediaAccessibility.framework */ = {isa = PBXFileReference; lastKnownFileType = wrapper.framework; name = MediaAccessibility.framework; path = Platforms/MacOSX.platform/Developer/SDKs/MacOSX10.15.sdk/System/Library/Frameworks/MediaAccessibility.framework; sourceTree = DEVELOPER_DIR; };
		78C24D5825138364001ED9E3 /* MediaPlayer.framework */ = {isa = PBXFileReference; lastKnownFileType = wrapper.framework; name = MediaPlayer.framework; path = Platforms/MacOSX.platform/Developer/SDKs/MacOSX10.15.sdk/System/iOSSupport/System/Library/Frameworks/MediaPlayer.framework; sourceTree = DEVELOPER_DIR; };
		78C24D5A25138369001ED9E3 /* QuartzCore.framework */ = {isa = PBXFileReference; lastKnownFileType = wrapper.framework; name = QuartzCore.framework; path = Platforms/MacOSX.platform/Developer/SDKs/MacOSX10.15.sdk/System/Library/Frameworks/QuartzCore.framework; sourceTree = DEVELOPER_DIR; };
		78C24D5C2513836E001ED9E3 /* Security.framework */ = {isa = PBXFileReference; lastKnownFileType = wrapper.framework; name = Security.framework; path = Platforms/MacOSX.platform/Developer/SDKs/MacOSX10.15.sdk/System/Library/Frameworks/Security.framework; sourceTree = DEVELOPER_DIR; };
		78C24D5E25138373001ED9E3 /* SystemConfiguration.framework */ = {isa = PBXFileReference; lastKnownFileType = wrapper.framework; name = SystemConfiguration.framework; path = Platforms/MacOSX.platform/Developer/SDKs/MacOSX10.15.sdk/System/Library/Frameworks/SystemConfiguration.framework; sourceTree = DEVELOPER_DIR; };
		78C24D6025138379001ED9E3 /* UIKit.framework */ = {isa = PBXFileReference; lastKnownFileType = wrapper.framework; name = UIKit.framework; path = Platforms/MacOSX.platform/Developer/SDKs/MacOSX10.15.sdk/System/iOSSupport/System/Library/Frameworks/UIKit.framework; sourceTree = DEVELOPER_DIR; };
		78D4DA9C25F7A3B900D811B2 /* CastAdsOptions.swift */ = {isa = PBXFileReference; lastKnownFileType = sourcecode.swift; path = CastAdsOptions.swift; sourceTree = "<group>"; };
		78D4DAB925F8D58400D811B2 /* CastAdsOptionsSpec.swift */ = {isa = PBXFileReference; lastKnownFileType = sourcecode.swift; path = CastAdsOptionsSpec.swift; sourceTree = "<group>"; };
/* End PBXFileReference section */

/* Begin PBXFrameworksBuildPhase section */
		762808D81FD01426005610DF /* Frameworks */ = {
			isa = PBXFrameworksBuildPhase;
			buildActionMask = 2147483647;
			files = (
				78C24D572513835E001ED9E3 /* MediaAccessibility.framework in Frameworks */,
				78C24D5D2513836E001ED9E3 /* Security.framework in Frameworks */,
				78C24D5925138364001ED9E3 /* MediaPlayer.framework in Frameworks */,
				78C24D5B25138369001ED9E3 /* QuartzCore.framework in Frameworks */,
				78C24D4725138328001ED9E3 /* AVFoundation.framework in Frameworks */,
				78C24D5F25138373001ED9E3 /* SystemConfiguration.framework in Frameworks */,
				78C24D532513834D001ED9E3 /* CoreText.framework in Frameworks */,
				78C24D4D2513833A001ED9E3 /* CoreData.framework in Frameworks */,
				78C24D5125138347001ED9E3 /* CoreMedia.framework in Frameworks */,
				78C24D432513831C001ED9E3 /* Accelerate.framework in Frameworks */,
				78C24D6125138379001ED9E3 /* UIKit.framework in Frameworks */,
				78C24D4F25138340001ED9E3 /* CoreGraphics.framework in Frameworks */,
				78C24D4525138322001ED9E3 /* AudioToolbox.framework in Frameworks */,
				78C24D4B25138334001ED9E3 /* CoreBluetooth.framework in Frameworks */,
				781CAED72729755300934A27 /* GoogleCast.framework in Frameworks */,
				78C24D492513832E001ED9E3 /* CFNetwork.framework in Frameworks */,
				78C24D5525138353001ED9E3 /* Foundation.framework in Frameworks */,
			);
			runOnlyForDeploymentPostprocessing = 0;
		};
		762808E21FD01426005610DF /* Frameworks */ = {
			isa = PBXFrameworksBuildPhase;
			buildActionMask = 2147483647;
			files = (
				781CAED9272975D900934A27 /* GoogleCast.framework in Frameworks */,
				7628090E1FD0161D005610DF /* Nimble.framework in Frameworks */,
				7628090F1FD0161D005610DF /* Quick.framework in Frameworks */,
				762808E61FD01426005610DF /* Cast.framework in Frameworks */,
			);
			runOnlyForDeploymentPostprocessing = 0;
		};
/* End PBXFrameworksBuildPhase section */

/* Begin PBXGroup section */
		761371F51FD19B9D007AAFF8 /* Internal */ = {
			isa = PBXGroup;
			children = (
				761371EF1FD19A78007AAFF8 /* ProgramChanged.swift */,
				761371E71FD19A28007AAFF8 /* RawSingleValueEvent.swift */,
				761371F31FD19B2F007AAFF8 /* MessageType.swift */,
			);
			path = Internal;
			sourceTree = "<group>";
		};
		761371F61FD19BD2007AAFF8 /* Events */ = {
			isa = PBXGroup;
			children = (
				761371E91FD19A49007AAFF8 /* TracksUpdated.swift */,
				761371EB1FD19A5A007AAFF8 /* Track.swift */,
				761371ED1FD19A6A007AAFF8 /* VolumeChanged.swift */,
				761371F11FD19A87007AAFF8 /* CastError.swift */,
				76A233C120567F9E00F8A234 /* ProgramUpdated.swift */,
				76A233C32056813600F8A234 /* EntitlementChange.swift */,
			);
			path = Events;
			sourceTree = "<group>";
		};
		761371F71FD19BE2007AAFF8 /* Configuration */ = {
			isa = PBXGroup;
			children = (
				761371E31FD19962007AAFF8 /* CustomData.swift */,
				78D4DA9C25F7A3B900D811B2 /* CastAdsOptions.swift */,
			);
			path = Configuration;
			sourceTree = "<group>";
		};
		762808D21FD01426005610DF = {
			isa = PBXGroup;
			children = (
				762808DE1FD01426005610DF /* Cast */,
				781CAE892729755300934A27 /* GoogleCast */,
				762808E91FD01426005610DF /* CastTests */,
				762808DD1FD01426005610DF /* Products */,
				7628090C1FD0161D005610DF /* Frameworks */,
			);
			sourceTree = "<group>";
		};
		762808DD1FD01426005610DF /* Products */ = {
			isa = PBXGroup;
			children = (
				762808DC1FD01426005610DF /* Cast.framework */,
				762808E51FD01426005610DF /* CastTests.xctest */,
			);
			name = Products;
			sourceTree = "<group>";
		};
		762808DE1FD01426005610DF /* Cast */ = {
			isa = PBXGroup;
			children = (
				762809011FD014ED005610DF /* LICENSE */,
				762809021FD014ED005610DF /* README.md */,
				762809131FD01797005610DF /* CHANGELOG.md */,
				762809001FD014ED005610DF /* UPGRADE_GUIDE.md */,
				76FF7664205924F400A82C47 /* Documentation */,
				762808F61FD01491005610DF /* fastlane */,
				762809081FD014F7005610DF /* Cartfile */,
				762809071FD014F7005610DF /* Cartfile.private */,
				762809061FD014F7005610DF /* Cartfile.resolved */,
				762808DF1FD01426005610DF /* Cast.h */,
				762808E01FD01426005610DF /* Info.plist */,
				7628091B1FD01D77005610DF /* Channel.swift */,
				761371F71FD19BE2007AAFF8 /* Configuration */,
				761371F61FD19BD2007AAFF8 /* Events */,
				761371F51FD19B9D007AAFF8 /* Internal */,
			);
			path = Cast;
			sourceTree = "<group>";
		};
		762808E91FD01426005610DF /* CastTests */ = {
			isa = PBXGroup;
			children = (
				762808EA1FD01426005610DF /* CastTests.swift */,
				762808EC1FD01426005610DF /* Info.plist */,
				76DBCE741FD81426009C83AE /* Dictionary+Extensions.swift */,
				76DBCE721FD80685009C83AE /* ProgramChangedSpec.swift */,
				76DBCE761FD81442009C83AE /* RawSingleValueEventSpec.swift */,
				76DBCE781FD8173E009C83AE /* MessageTypeSpec.swift */,
				76DBCE7A1FD81B0A009C83AE /* CastErrorSpec.swift */,
				76DBCE7C1FD81C1A009C83AE /* VolumeChangedSpec.swift */,
				76DBCE801FD81CEB009C83AE /* TracksUpdatedSpec.swift */,
				76DBCE841FD8229C009C83AE /* CustomDataSpec.swift */,
				76DBCE861FD826F5009C83AE /* ChannelSpec.swift */,
				76DBCE881FD834AF009C83AE /* ChannelSenderSpec.swift */,
				78D4DAB925F8D58400D811B2 /* CastAdsOptionsSpec.swift */,
			);
			path = CastTests;
			sourceTree = "<group>";
		};
		762808F61FD01491005610DF /* fastlane */ = {
			isa = PBXGroup;
			children = (
				762808F71FD01491005610DF /* .env */,
				762808F81FD01491005610DF /* actions */,
				762808FA1FD01491005610DF /* Appfile */,
				762808FB1FD01491005610DF /* Fastfile */,
			);
			path = fastlane;
			sourceTree = SOURCE_ROOT;
		};
		762808F81FD01491005610DF /* actions */ = {
			isa = PBXGroup;
			children = (
				762808F91FD01491005610DF /* update_dependency_graph.rb */,
			);
			path = actions;
			sourceTree = "<group>";
		};
		7628090C1FD0161D005610DF /* Frameworks */ = {
			isa = PBXGroup;
			children = (
				78C24D6025138379001ED9E3 /* UIKit.framework */,
				78C24D5E25138373001ED9E3 /* SystemConfiguration.framework */,
				78C24D5C2513836E001ED9E3 /* Security.framework */,
				78C24D5A25138369001ED9E3 /* QuartzCore.framework */,
				78C24D5825138364001ED9E3 /* MediaPlayer.framework */,
				78C24D562513835E001ED9E3 /* MediaAccessibility.framework */,
				78C24D5425138353001ED9E3 /* Foundation.framework */,
				78C24D522513834D001ED9E3 /* CoreText.framework */,
				78C24D5025138347001ED9E3 /* CoreMedia.framework */,
				78C24D4E25138340001ED9E3 /* CoreGraphics.framework */,
				78C24D4C2513833A001ED9E3 /* CoreData.framework */,
				78C24D4A25138334001ED9E3 /* CoreBluetooth.framework */,
				78C24D482513832E001ED9E3 /* CFNetwork.framework */,
				78C24D4625138328001ED9E3 /* AVFoundation.framework */,
				78C24D4425138322001ED9E3 /* AudioToolbox.framework */,
				78C24D422513831C001ED9E3 /* Accelerate.framework */,
				762809111FD0161D005610DF /* Nimble.framework */,
				762809121FD0161D005610DF /* Quick.framework */,
			);
			name = Frameworks;
			sourceTree = "<group>";
		};
		76FF7664205924F400A82C47 /* Documentation */ = {
			isa = PBXGroup;
			children = (
				76FF7665205924F400A82C47 /* chromecast-integration.md */,
			);
			path = Documentation;
			sourceTree = SOURCE_ROOT;
		};
		781CAE892729755300934A27 /* GoogleCast */ = {
			isa = PBXGroup;
			children = (
				781CAE8A2729755300934A27 /* Tools */,
				781CAE8C2729755300934A27 /* OpenSourceLicenses */,
				781CAEB02729755300934A27 /* GoogleCast.framework */,
				781CAEB12729755300934A27 /* NutritionLabel */,
			);
			path = GoogleCast;
			sourceTree = "<group>";
		};
		781CAE8A2729755300934A27 /* Tools */ = {
			isa = PBXGroup;
			children = (
			);
			path = Tools;
			sourceTree = "<group>";
		};
		781CAE8C2729755300934A27 /* OpenSourceLicenses */ = {
			isa = PBXGroup;
			children = (
				781CAE8D2729755300934A27 /* utf_LICENSE.html */,
				781CAE8E2729755300934A27 /* tcmalloc_LICENSE.html */,
				781CAE8F2729755300934A27 /* tink_LICENSE.html */,
				781CAE902729755300934A27 /* libresample_LICENSE.html */,
				781CAE912729755300934A27 /* brotli_LICENSE.html */,
				781CAE922729755300934A27 /* chromium_certificate_verifier_LICENSE.html */,
				781CAE932729755300934A27 /* libxml_LICENSE.html */,
				781CAE942729755300934A27 /* tz_LICENSE.html */,
				781CAE952729755300934A27 /* appliance_linux_packages_openssl_LICENSE.html */,
				781CAE962729755300934A27 /* darts_clone_LICENSE.html */,
				781CAE972729755300934A27 /* kissfft_LICENSE.html */,
				781CAE982729755300934A27 /* opencensus_LICENSE.html */,
				781CAE992729755300934A27 /* eigen3_LICENSE.html */,
				781CAE9A2729755300934A27 /* riegeli_LICENSE.html */,
				781CAE9B2729755300934A27 /* audio_to_tactile_LICENSE.html */,
				781CAE9C2729755300934A27 /* ares_LICENSE.html */,
				781CAE9D2729755300934A27 /* zstdlib_LICENSE.html */,
				781CAE9E2729755300934A27 /* objective_c_ChromeWebView_LICENSE.html */,
				781CAE9F2729755300934A27 /* utf8_range_LICENSE.html */,
				781CAEA02729755300934A27 /* icu_LICENSE.html */,
				781CAEA12729755300934A27 /* zlib_LICENSE.html */,
				781CAEA22729755300934A27 /* address_sorting_LICENSE.html */,
				781CAEA32729755300934A27 /* xxhash_LICENSE.html */,
				781CAEA42729755300934A27 /* grpc_LICENSE.html */,
				781CAEA52729755300934A27 /* grpc_proto_LICENSE.html */,
				781CAEA62729755300934A27 /* re2_LICENSE.html */,
				781CAEA72729755300934A27 /* oss_licenses_index.txt */,
				781CAEA82729755300934A27 /* protobuf_LICENSE.html */,
				781CAEA92729755300934A27 /* upb_LICENSE.html */,
				781CAEAA2729755300934A27 /* objective_c_gtm_session_fetcher_LICENSE.html */,
				781CAEAB2729755300934A27 /* zippy_LICENSE.html */,
				781CAEAC2729755300934A27 /* crunchy_LICENSE.html */,
				781CAEAD2729755300934A27 /* objective_c_Cronet_LICENSE.html */,
				781CAEAE2729755300934A27 /* objective_c_google_toolbox_for_mac_LICENSE.html */,
				781CAEAF2729755300934A27 /* absl_LICENSE.html */,
			);
			path = OpenSourceLicenses;
			sourceTree = "<group>";
		};
		781CAEB12729755300934A27 /* NutritionLabel */ = {
			isa = PBXGroup;
			children = (
				781CAEB22729755300934A27 /* NutritionLabel.txt */,
			);
			path = NutritionLabel;
			sourceTree = "<group>";
		};
/* End PBXGroup section */

/* Begin PBXHeadersBuildPhase section */
		762808D91FD01426005610DF /* Headers */ = {
			isa = PBXHeadersBuildPhase;
			buildActionMask = 2147483647;
			files = (
				762808ED1FD01426005610DF /* Cast.h in Headers */,
			);
			runOnlyForDeploymentPostprocessing = 0;
		};
/* End PBXHeadersBuildPhase section */

/* Begin PBXNativeTarget section */
		762808DB1FD01426005610DF /* Cast */ = {
			isa = PBXNativeTarget;
			buildConfigurationList = 762808F01FD01426005610DF /* Build configuration list for PBXNativeTarget "Cast" */;
			buildPhases = (
				762808D71FD01426005610DF /* Sources */,
				762808D81FD01426005610DF /* Frameworks */,
				762808D91FD01426005610DF /* Headers */,
				762808DA1FD01426005610DF /* Resources */,
				76B5FCD71FDE996000607C41 /* CopyFiles */,
				78F6010C272C284100B535B2 /* ShellScript */,
			);
			buildRules = (
			);
			dependencies = (
			);
			name = Cast;
			productName = Cast;
			productReference = 762808DC1FD01426005610DF /* Cast.framework */;
			productType = "com.apple.product-type.framework";
		};
		762808E41FD01426005610DF /* CastTests */ = {
			isa = PBXNativeTarget;
			buildConfigurationList = 762808F31FD01426005610DF /* Build configuration list for PBXNativeTarget "CastTests" */;
			buildPhases = (
				762808E11FD01426005610DF /* Sources */,
				762808E21FD01426005610DF /* Frameworks */,
				762808E31FD01426005610DF /* Resources */,
				76B5FCD41FDE97CA00607C41 /* ShellScript */,
			);
			buildRules = (
			);
			dependencies = (
				762808E81FD01426005610DF /* PBXTargetDependency */,
			);
			name = CastTests;
			productName = CastTests;
			productReference = 762808E51FD01426005610DF /* CastTests.xctest */;
			productType = "com.apple.product-type.bundle.unit-test";
		};
/* End PBXNativeTarget section */

/* Begin PBXProject section */
		762808D31FD01426005610DF /* Project object */ = {
			isa = PBXProject;
			attributes = {
				LastSwiftUpdateCheck = 0910;
				LastUpgradeCheck = 0910;
				ORGANIZATIONNAME = emp;
				TargetAttributes = {
					762808DB1FD01426005610DF = {
						CreatedOnToolsVersion = 9.1;
						LastSwiftMigration = 0910;
						ProvisioningStyle = Automatic;
					};
					762808E41FD01426005610DF = {
						CreatedOnToolsVersion = 9.1;
						ProvisioningStyle = Automatic;
					};
				};
			};
			buildConfigurationList = 762808D61FD01426005610DF /* Build configuration list for PBXProject "Cast" */;
			compatibilityVersion = "Xcode 8.0";
			developmentRegion = en;
			hasScannedForEncodings = 0;
			knownRegions = (
				en,
			);
			mainGroup = 762808D21FD01426005610DF;
			productRefGroup = 762808DD1FD01426005610DF /* Products */;
			projectDirPath = "";
			projectRoot = "";
			targets = (
				762808DB1FD01426005610DF /* Cast */,
				762808E41FD01426005610DF /* CastTests */,
			);
		};
/* End PBXProject section */

/* Begin PBXResourcesBuildPhase section */
		762808DA1FD01426005610DF /* Resources */ = {
			isa = PBXResourcesBuildPhase;
			buildActionMask = 2147483647;
			files = (
				781CAEBA2729755300934A27 /* libxml_LICENSE.html in Resources */,
				7628090B1FD014F8005610DF /* Cartfile in Resources */,
				781CAEC32729755300934A27 /* ares_LICENSE.html in Resources */,
				781CAEC92729755300934A27 /* address_sorting_LICENSE.html in Resources */,
				781CAEB52729755300934A27 /* tcmalloc_LICENSE.html in Resources */,
				781CAECE2729755300934A27 /* oss_licenses_index.txt in Resources */,
				781CAEBE2729755300934A27 /* kissfft_LICENSE.html in Resources */,
				781CAEC82729755300934A27 /* zlib_LICENSE.html in Resources */,
				781CAED62729755300934A27 /* absl_LICENSE.html in Resources */,
				762809041FD014ED005610DF /* LICENSE in Resources */,
				781CAECA2729755300934A27 /* xxhash_LICENSE.html in Resources */,
				762809141FD01797005610DF /* CHANGELOG.md in Resources */,
				762808FE1FD01491005610DF /* Appfile in Resources */,
				762808FD1FD01491005610DF /* update_dependency_graph.rb in Resources */,
				781CAEC42729755300934A27 /* zstdlib_LICENSE.html in Resources */,
				781CAED32729755300934A27 /* crunchy_LICENSE.html in Resources */,
				781CAECD2729755300934A27 /* re2_LICENSE.html in Resources */,
				781CAECC2729755300934A27 /* grpc_proto_LICENSE.html in Resources */,
				762809051FD014ED005610DF /* README.md in Resources */,
				781CAEB42729755300934A27 /* utf_LICENSE.html in Resources */,
				7628090A1FD014F8005610DF /* Cartfile.private in Resources */,
				781CAEB92729755300934A27 /* chromium_certificate_verifier_LICENSE.html in Resources */,
				781CAEB72729755300934A27 /* libresample_LICENSE.html in Resources */,
				781CAEC62729755300934A27 /* utf8_range_LICENSE.html in Resources */,
				781CAEC52729755300934A27 /* objective_c_ChromeWebView_LICENSE.html in Resources */,
				781CAED22729755300934A27 /* zippy_LICENSE.html in Resources */,
				781CAEC72729755300934A27 /* icu_LICENSE.html in Resources */,
				781CAED52729755300934A27 /* objective_c_google_toolbox_for_mac_LICENSE.html in Resources */,
				762808FF1FD01491005610DF /* Fastfile in Resources */,
				762809091FD014F8005610DF /* Cartfile.resolved in Resources */,
				762809031FD014ED005610DF /* UPGRADE_GUIDE.md in Resources */,
				781CAEB62729755300934A27 /* tink_LICENSE.html in Resources */,
				781CAED82729755300934A27 /* NutritionLabel.txt in Resources */,
				781CAEBB2729755300934A27 /* tz_LICENSE.html in Resources */,
				781CAEBD2729755300934A27 /* darts_clone_LICENSE.html in Resources */,
				781CAECF2729755300934A27 /* protobuf_LICENSE.html in Resources */,
				781CAEC22729755300934A27 /* audio_to_tactile_LICENSE.html in Resources */,
				781CAED02729755300934A27 /* upb_LICENSE.html in Resources */,
				781CAED42729755300934A27 /* objective_c_Cronet_LICENSE.html in Resources */,
				781CAEC12729755300934A27 /* riegeli_LICENSE.html in Resources */,
				781CAEB82729755300934A27 /* brotli_LICENSE.html in Resources */,
				76FF7666205924F400A82C47 /* chromecast-integration.md in Resources */,
				781CAECB2729755300934A27 /* grpc_LICENSE.html in Resources */,
				762808FC1FD01491005610DF /* .env in Resources */,
				781CAEC02729755300934A27 /* eigen3_LICENSE.html in Resources */,
				781CAEBF2729755300934A27 /* opencensus_LICENSE.html in Resources */,
				781CAEBC2729755300934A27 /* appliance_linux_packages_openssl_LICENSE.html in Resources */,
				781CAED12729755300934A27 /* objective_c_gtm_session_fetcher_LICENSE.html in Resources */,
			);
			runOnlyForDeploymentPostprocessing = 0;
		};
		762808E31FD01426005610DF /* Resources */ = {
			isa = PBXResourcesBuildPhase;
			buildActionMask = 2147483647;
			files = (
			);
			runOnlyForDeploymentPostprocessing = 0;
		};
/* End PBXResourcesBuildPhase section */

/* Begin PBXShellScriptBuildPhase section */
		76B5FCD41FDE97CA00607C41 /* ShellScript */ = {
			isa = PBXShellScriptBuildPhase;
			buildActionMask = 2147483647;
			files = (
			);
			inputPaths = (
				"$(SRCROOT)/GoogleCast/GoogleCast.framework",
			);
			outputPaths = (
				"$(BUILT_PRODUCTS_DIR)/$(FRAMEWORKS_FOLDER_PATH)/GoogleCast.framework",
			);
			runOnlyForDeploymentPostprocessing = 0;
			shellPath = /bin/sh;
			shellScript = "/usr/local/bin/carthage copy-frameworks\n";
		};
		78F6010C272C284100B535B2 /* ShellScript */ = {
			isa = PBXShellScriptBuildPhase;
			buildActionMask = 2147483647;
			files = (
			);
			inputFileListPaths = (
			);
			inputPaths = (
			);
			outputFileListPaths = (
			);
			outputPaths = (
			);
			runOnlyForDeploymentPostprocessing = 0;
			shellPath = /bin/sh;
			shellScript = "# Type a script or drag a script file from your workspace to insert its path.\n";
		};
/* End PBXShellScriptBuildPhase section */

/* Begin PBXSourcesBuildPhase section */
		762808D71FD01426005610DF /* Sources */ = {
			isa = PBXSourcesBuildPhase;
			buildActionMask = 2147483647;
			files = (
				761371EE1FD19A6A007AAFF8 /* VolumeChanged.swift in Sources */,
				761371F21FD19A87007AAFF8 /* CastError.swift in Sources */,
				761371E41FD19962007AAFF8 /* CustomData.swift in Sources */,
				761371F41FD19B2F007AAFF8 /* MessageType.swift in Sources */,
				761371E81FD19A28007AAFF8 /* RawSingleValueEvent.swift in Sources */,
				761371F01FD19A78007AAFF8 /* ProgramChanged.swift in Sources */,
				78D4DA9D25F7A3B900D811B2 /* CastAdsOptions.swift in Sources */,
				761371EA1FD19A49007AAFF8 /* TracksUpdated.swift in Sources */,
				76A233C220567F9E00F8A234 /* ProgramUpdated.swift in Sources */,
				76A233C42056813600F8A234 /* EntitlementChange.swift in Sources */,
				7628091C1FD01D77005610DF /* Channel.swift in Sources */,
				761371EC1FD19A5A007AAFF8 /* Track.swift in Sources */,
			);
			runOnlyForDeploymentPostprocessing = 0;
		};
		762808E11FD01426005610DF /* Sources */ = {
			isa = PBXSourcesBuildPhase;
			buildActionMask = 2147483647;
			files = (
				76DBCE811FD81CEB009C83AE /* TracksUpdatedSpec.swift in Sources */,
				76DBCE871FD826F5009C83AE /* ChannelSpec.swift in Sources */,
				76DBCE7D1FD81C1A009C83AE /* VolumeChangedSpec.swift in Sources */,
				76DBCE891FD834AF009C83AE /* ChannelSenderSpec.swift in Sources */,
				76DBCE731FD80685009C83AE /* ProgramChangedSpec.swift in Sources */,
				762808EB1FD01426005610DF /* CastTests.swift in Sources */,
				76DBCE7B1FD81B0A009C83AE /* CastErrorSpec.swift in Sources */,
				76DBCE851FD8229C009C83AE /* CustomDataSpec.swift in Sources */,
				78D4DABA25F8D58400D811B2 /* CastAdsOptionsSpec.swift in Sources */,
				76DBCE771FD81442009C83AE /* RawSingleValueEventSpec.swift in Sources */,
				76DBCE791FD8173E009C83AE /* MessageTypeSpec.swift in Sources */,
				76DBCE751FD81426009C83AE /* Dictionary+Extensions.swift in Sources */,
			);
			runOnlyForDeploymentPostprocessing = 0;
		};
/* End PBXSourcesBuildPhase section */

/* Begin PBXTargetDependency section */
		762808E81FD01426005610DF /* PBXTargetDependency */ = {
			isa = PBXTargetDependency;
			target = 762808DB1FD01426005610DF /* Cast */;
			targetProxy = 762808E71FD01426005610DF /* PBXContainerItemProxy */;
		};
/* End PBXTargetDependency section */

/* Begin XCBuildConfiguration section */
		762808EE1FD01426005610DF /* Debug */ = {
			isa = XCBuildConfiguration;
			buildSettings = {
				ALWAYS_SEARCH_USER_PATHS = NO;
				CLANG_ANALYZER_NONNULL = YES;
				CLANG_ANALYZER_NUMBER_OBJECT_CONVERSION = YES_AGGRESSIVE;
				CLANG_CXX_LANGUAGE_STANDARD = "gnu++14";
				CLANG_CXX_LIBRARY = "libc++";
				CLANG_ENABLE_MODULES = YES;
				CLANG_ENABLE_OBJC_ARC = YES;
				CLANG_WARN_BLOCK_CAPTURE_AUTORELEASING = YES;
				CLANG_WARN_BOOL_CONVERSION = YES;
				CLANG_WARN_COMMA = YES;
				CLANG_WARN_CONSTANT_CONVERSION = YES;
				CLANG_WARN_DIRECT_OBJC_ISA_USAGE = YES_ERROR;
				CLANG_WARN_DOCUMENTATION_COMMENTS = YES;
				CLANG_WARN_EMPTY_BODY = YES;
				CLANG_WARN_ENUM_CONVERSION = YES;
				CLANG_WARN_INFINITE_RECURSION = YES;
				CLANG_WARN_INT_CONVERSION = YES;
				CLANG_WARN_NON_LITERAL_NULL_CONVERSION = YES;
				CLANG_WARN_OBJC_LITERAL_CONVERSION = YES;
				CLANG_WARN_OBJC_ROOT_CLASS = YES_ERROR;
				CLANG_WARN_RANGE_LOOP_ANALYSIS = YES;
				CLANG_WARN_STRICT_PROTOTYPES = YES;
				CLANG_WARN_SUSPICIOUS_MOVE = YES;
				CLANG_WARN_UNGUARDED_AVAILABILITY = YES_AGGRESSIVE;
				CLANG_WARN_UNREACHABLE_CODE = YES;
				CLANG_WARN__DUPLICATE_METHOD_MATCH = YES;
				CODE_SIGN_IDENTITY = "iPhone Developer";
				COPY_PHASE_STRIP = NO;
				CURRENT_PROJECT_VERSION = 2;
				DEBUG_INFORMATION_FORMAT = dwarf;
				ENABLE_STRICT_OBJC_MSGSEND = YES;
				ENABLE_TESTABILITY = YES;
				GCC_C_LANGUAGE_STANDARD = gnu11;
				GCC_DYNAMIC_NO_PIC = NO;
				GCC_NO_COMMON_BLOCKS = YES;
				GCC_OPTIMIZATION_LEVEL = 0;
				GCC_PREPROCESSOR_DEFINITIONS = (
					"DEBUG=1",
					"$(inherited)",
				);
				GCC_WARN_64_TO_32_BIT_CONVERSION = YES;
				GCC_WARN_ABOUT_RETURN_TYPE = YES_ERROR;
				GCC_WARN_UNDECLARED_SELECTOR = YES;
				GCC_WARN_UNINITIALIZED_AUTOS = YES_AGGRESSIVE;
				GCC_WARN_UNUSED_FUNCTION = YES;
				GCC_WARN_UNUSED_VARIABLE = YES;
				IPHONEOS_DEPLOYMENT_TARGET = 11.1;
				MTL_ENABLE_DEBUG_INFO = YES;
				ONLY_ACTIVE_ARCH = YES;
				SDKROOT = iphoneos;
				SWIFT_ACTIVE_COMPILATION_CONDITIONS = DEBUG;
				SWIFT_OPTIMIZATION_LEVEL = "-Onone";
				SWIFT_VERSION = 5.0;
				VERSIONING_SYSTEM = "apple-generic";
				VERSION_INFO_PREFIX = "";
			};
			name = Debug;
		};
		762808EF1FD01426005610DF /* Release */ = {
			isa = XCBuildConfiguration;
			buildSettings = {
				ALWAYS_SEARCH_USER_PATHS = NO;
				CLANG_ANALYZER_NONNULL = YES;
				CLANG_ANALYZER_NUMBER_OBJECT_CONVERSION = YES_AGGRESSIVE;
				CLANG_CXX_LANGUAGE_STANDARD = "gnu++14";
				CLANG_CXX_LIBRARY = "libc++";
				CLANG_ENABLE_MODULES = YES;
				CLANG_ENABLE_OBJC_ARC = YES;
				CLANG_WARN_BLOCK_CAPTURE_AUTORELEASING = YES;
				CLANG_WARN_BOOL_CONVERSION = YES;
				CLANG_WARN_COMMA = YES;
				CLANG_WARN_CONSTANT_CONVERSION = YES;
				CLANG_WARN_DIRECT_OBJC_ISA_USAGE = YES_ERROR;
				CLANG_WARN_DOCUMENTATION_COMMENTS = YES;
				CLANG_WARN_EMPTY_BODY = YES;
				CLANG_WARN_ENUM_CONVERSION = YES;
				CLANG_WARN_INFINITE_RECURSION = YES;
				CLANG_WARN_INT_CONVERSION = YES;
				CLANG_WARN_NON_LITERAL_NULL_CONVERSION = YES;
				CLANG_WARN_OBJC_LITERAL_CONVERSION = YES;
				CLANG_WARN_OBJC_ROOT_CLASS = YES_ERROR;
				CLANG_WARN_RANGE_LOOP_ANALYSIS = YES;
				CLANG_WARN_STRICT_PROTOTYPES = YES;
				CLANG_WARN_SUSPICIOUS_MOVE = YES;
				CLANG_WARN_UNGUARDED_AVAILABILITY = YES_AGGRESSIVE;
				CLANG_WARN_UNREACHABLE_CODE = YES;
				CLANG_WARN__DUPLICATE_METHOD_MATCH = YES;
				CODE_SIGN_IDENTITY = "iPhone Developer";
				COPY_PHASE_STRIP = NO;
				CURRENT_PROJECT_VERSION = 2;
				DEBUG_INFORMATION_FORMAT = "dwarf-with-dsym";
				ENABLE_NS_ASSERTIONS = NO;
				ENABLE_STRICT_OBJC_MSGSEND = YES;
				GCC_C_LANGUAGE_STANDARD = gnu11;
				GCC_NO_COMMON_BLOCKS = YES;
				GCC_WARN_64_TO_32_BIT_CONVERSION = YES;
				GCC_WARN_ABOUT_RETURN_TYPE = YES_ERROR;
				GCC_WARN_UNDECLARED_SELECTOR = YES;
				GCC_WARN_UNINITIALIZED_AUTOS = YES_AGGRESSIVE;
				GCC_WARN_UNUSED_FUNCTION = YES;
				GCC_WARN_UNUSED_VARIABLE = YES;
				IPHONEOS_DEPLOYMENT_TARGET = 11.1;
				MTL_ENABLE_DEBUG_INFO = NO;
				SDKROOT = iphoneos;
				SWIFT_OPTIMIZATION_LEVEL = "-Owholemodule";
				SWIFT_VERSION = 5.0;
				VALIDATE_PRODUCT = YES;
				VERSIONING_SYSTEM = "apple-generic";
				VERSION_INFO_PREFIX = "";
			};
			name = Release;
		};
		762808F11FD01426005610DF /* Debug */ = {
			isa = XCBuildConfiguration;
			buildSettings = {
				CLANG_ENABLE_MODULES = YES;
				CODE_SIGN_IDENTITY = "";
				CODE_SIGN_STYLE = Automatic;
				CURRENT_PROJECT_VERSION = 1;
				DEFINES_MODULE = YES;
				DEVELOPMENT_TEAM = JCUPRVKEC5;
				DYLIB_COMPATIBILITY_VERSION = 1;
				DYLIB_CURRENT_VERSION = 2;
				DYLIB_INSTALL_NAME_BASE = "@rpath";
				FRAMEWORK_SEARCH_PATHS = (
					"$(inherited)",
					"$(PROJECT_DIR)/GoogleCast",
				);
				INFOPLIST_FILE = Cast/Info.plist;
				INSTALL_PATH = "$(LOCAL_LIBRARY_DIR)/Frameworks";
				IPHONEOS_DEPLOYMENT_TARGET = 9.0;
				LD_RUNPATH_SEARCH_PATHS = "$(inherited) @executable_path/Frameworks @loader_path/Frameworks";
				MARKETING_VERSION = 3.1.0;
				OTHER_LDFLAGS = (
					"-ObjC",
					"-lc++",
				);
				PRODUCT_BUNDLE_IDENTIFIER = com.emp.Cast;
				PRODUCT_NAME = "$(TARGET_NAME:c99extidentifier)";
				SKIP_INSTALL = YES;
				SWIFT_OPTIMIZATION_LEVEL = "-Onone";
				SWIFT_VERSION = 5.0;
				TARGETED_DEVICE_FAMILY = "1,2";
			};
			name = Debug;
		};
		762808F21FD01426005610DF /* Release */ = {
			isa = XCBuildConfiguration;
			buildSettings = {
				CLANG_ENABLE_MODULES = YES;
				CODE_SIGN_IDENTITY = "";
				CODE_SIGN_STYLE = Automatic;
				CURRENT_PROJECT_VERSION = 1;
				DEFINES_MODULE = YES;
				DEVELOPMENT_TEAM = JCUPRVKEC5;
				DYLIB_COMPATIBILITY_VERSION = 1;
				DYLIB_CURRENT_VERSION = 2;
				DYLIB_INSTALL_NAME_BASE = "@rpath";
				FRAMEWORK_SEARCH_PATHS = (
					"$(inherited)",
					"$(PROJECT_DIR)/GoogleCast",
				);
				INFOPLIST_FILE = Cast/Info.plist;
				INSTALL_PATH = "$(LOCAL_LIBRARY_DIR)/Frameworks";
				IPHONEOS_DEPLOYMENT_TARGET = 9.0;
				LD_RUNPATH_SEARCH_PATHS = "$(inherited) @executable_path/Frameworks @loader_path/Frameworks";
				MARKETING_VERSION = 3.1.0;
				OTHER_LDFLAGS = (
					"-ObjC",
					"-lc++",
				);
				PRODUCT_BUNDLE_IDENTIFIER = com.emp.Cast;
				PRODUCT_NAME = "$(TARGET_NAME:c99extidentifier)";
				SKIP_INSTALL = YES;
				SWIFT_VERSION = 5.0;
				TARGETED_DEVICE_FAMILY = "1,2";
			};
			name = Release;
		};
		762808F41FD01426005610DF /* Debug */ = {
			isa = XCBuildConfiguration;
			buildSettings = {
				ALWAYS_EMBED_SWIFT_STANDARD_LIBRARIES = YES;
				CODE_SIGN_STYLE = Automatic;
				DEVELOPMENT_TEAM = JCUPRVKEC5;
				FRAMEWORK_SEARCH_PATHS = (
					"$(inherited)",
					"$(PROJECT_DIR)/GoogleCast",
				);
				INFOPLIST_FILE = CastTests/Info.plist;
				LD_RUNPATH_SEARCH_PATHS = "$(inherited) @executable_path/Frameworks @loader_path/Frameworks";
				PRODUCT_BUNDLE_IDENTIFIER = com.emp.CastTests;
				PRODUCT_NAME = "$(TARGET_NAME)";
				SWIFT_VERSION = 5.0;
				TARGETED_DEVICE_FAMILY = "1,2";
			};
			name = Debug;
		};
		762808F51FD01426005610DF /* Release */ = {
			isa = XCBuildConfiguration;
			buildSettings = {
				ALWAYS_EMBED_SWIFT_STANDARD_LIBRARIES = YES;
				CODE_SIGN_STYLE = Automatic;
				DEVELOPMENT_TEAM = JCUPRVKEC5;
				FRAMEWORK_SEARCH_PATHS = (
					"$(inherited)",
					"$(PROJECT_DIR)/GoogleCast",
				);
				INFOPLIST_FILE = CastTests/Info.plist;
				LD_RUNPATH_SEARCH_PATHS = "$(inherited) @executable_path/Frameworks @loader_path/Frameworks";
				PRODUCT_BUNDLE_IDENTIFIER = com.emp.CastTests;
				PRODUCT_NAME = "$(TARGET_NAME)";
				SWIFT_VERSION = 5.0;
				TARGETED_DEVICE_FAMILY = "1,2";
			};
			name = Release;
		};
/* End XCBuildConfiguration section */

/* Begin XCConfigurationList section */
		762808D61FD01426005610DF /* Build configuration list for PBXProject "Cast" */ = {
			isa = XCConfigurationList;
			buildConfigurations = (
				762808EE1FD01426005610DF /* Debug */,
				762808EF1FD01426005610DF /* Release */,
			);
			defaultConfigurationIsVisible = 0;
			defaultConfigurationName = Release;
		};
		762808F01FD01426005610DF /* Build configuration list for PBXNativeTarget "Cast" */ = {
			isa = XCConfigurationList;
			buildConfigurations = (
				762808F11FD01426005610DF /* Debug */,
				762808F21FD01426005610DF /* Release */,
			);
			defaultConfigurationIsVisible = 0;
			defaultConfigurationName = Release;
		};
		762808F31FD01426005610DF /* Build configuration list for PBXNativeTarget "CastTests" */ = {
			isa = XCConfigurationList;
			buildConfigurations = (
				762808F41FD01426005610DF /* Debug */,
				762808F51FD01426005610DF /* Release */,
			);
			defaultConfigurationIsVisible = 0;
			defaultConfigurationName = Release;
		};
/* End XCConfigurationList section */
	};
	rootObject = 762808D31FD01426005610DF /* Project object */;
}
